
Microsoft Visual Studio Solution File, Format Version 12.00
Project("{FAE04EC0-301F-11D3-BF4B-00C04F79EFBC}") = "BooksApi", "BooksApi\BooksApi.csproj", "{8EC16F76-2801-440A-8D2D-A5E75B9AB983}"
EndProject
Project("{2150E333-8FDC-42A3-9474-1A3956D46DE8}") = "SolutionItems", "SolutionItems", "{15930905-5323-47E7-9E15-72CF26C52076}"
	ProjectSection(SolutionItems) = preProject
		..\..\README.md = ..\..\README.md
		..\..\LICENSE = ..\..\LICENSE
		..\..\.gitignore = ..\..\.gitignore
		..\..\docker-compose.yml = ..\..\docker-compose.yml
	EndProjectSection
EndProject
Global
	GlobalSection(SolutionConfigurationPlatforms) = preSolution
		Debug|Any CPU = Debug|Any CPU
		Release|Any CPU = Release|Any CPU
	EndGlobalSection
	GlobalSection(ProjectConfigurationPlatforms) = postSolution
		{8EC16F76-2801-440A-8D2D-A5E75B9AB983}.Debug|Any CPU.ActiveCfg = Debug|Any CPU
		{8EC16F76-2801-440A-8D2D-A5E75B9AB983}.Debug|Any CPU.Build.0 = Debug|Any CPU
		{8EC16F76-2801-440A-8D2D-A5E75B9AB983}.Release|Any CPU.ActiveCfg = Release|Any CPU
		{8EC16F76-2801-440A-8D2D-A5E75B9AB983}.Release|Any CPU.Build.0 = Release|Any CPU
	EndGlobalSection
EndGlobal
